
Microsoft Visual Studio Solution File, Format Version 12.00
# Visual Studio 15
VisualStudioVersion = 15.0.27703.2035
MinimumVisualStudioVersion = 10.0.40219.1
Project("{FAE04EC0-301F-11D3-BF4B-00C04F79EFBC}") = "Temp", "Temp\Temp.csproj", "{5E2FF57E-7CC6-4336-8C77-2128D409E9D9}"
EndProject
Project("{FAE04EC0-301F-11D3-BF4B-00C04F79EFBC}") = "Resources", "ClassLibrary1\Resources.csproj", "{A9F5896C-0AA5-426E-92FC-E96EBAD65DD4}"
EndProject
Project("{FAE04EC0-301F-11D3-BF4B-00C04F79EFBC}") = "WriteByte", "WriteByte\WriteByte.csproj", "{C5254431-A0CA-4451-9B53-65D265DCD9C4}"
EndProject
Project("{54435603-DBB4-11D2-8724-00A0C9A8B90C}") = "Setup1", "Setup1\Setup1.vdproj", "{E9C59CD1-EE75-4E81-AB02-CBEEFC659430}"
EndProject
Global
	GlobalSection(SolutionConfigurationPlatforms) = preSolution
		Debug|Any CPU = Debug|Any CPU
		Release|Any CPU = Release|Any CPU
	EndGlobalSection
	GlobalSection(ProjectConfigurationPlatforms) = postSolution
		{5E2FF57E-7CC6-4336-8C77-2128D409E9D9}.Debug|Any CPU.ActiveCfg = Debug|Any CPU
		{5E2FF57E-7CC6-4336-8C77-2128D409E9D9}.Debug|Any CPU.Build.0 = Debug|Any CPU
		{5E2FF57E-7CC6-4336-8C77-2128D409E9D9}.Release|Any CPU.ActiveCfg = Release|Any CPU
		{5E2FF57E-7CC6-4336-8C77-2128D409E9D9}.Release|Any CPU.Build.0 = Release|Any CPU
		{A9F5896C-0AA5-426E-92FC-E96EBAD65DD4}.Debug|Any CPU.ActiveCfg = Debug|Any CPU
		{A9F5896C-0AA5-426E-92FC-E96EBAD65DD4}.Debug|Any CPU.Build.0 = Debug|Any CPU
		{A9F5896C-0AA5-426E-92FC-E96EBAD65DD4}.Release|Any CPU.ActiveCfg = Release|Any CPU
		{A9F5896C-0AA5-426E-92FC-E96EBAD65DD4}.Release|Any CPU.Build.0 = Release|Any CPU
		{C5254431-A0CA-4451-9B53-65D265DCD9C4}.Debug|Any CPU.ActiveCfg = Debug|Any CPU
		{C5254431-A0CA-4451-9B53-65D265DCD9C4}.Debug|Any CPU.Build.0 = Debug|Any CPU
		{C5254431-A0CA-4451-9B53-65D265DCD9C4}.Release|Any CPU.ActiveCfg = Release|Any CPU
		{C5254431-A0CA-4451-9B53-65D265DCD9C4}.Release|Any CPU.Build.0 = Release|Any CPU
		{E9C59CD1-EE75-4E81-AB02-CBEEFC659430}.Debug|Any CPU.ActiveCfg = Debug
		{E9C59CD1-EE75-4E81-AB02-CBEEFC659430}.Release|Any CPU.ActiveCfg = Release
	EndGlobalSection
	GlobalSection(SolutionProperties) = preSolution
		HideSolutionNode = FALSE
	EndGlobalSection
	GlobalSection(ExtensibilityGlobals) = postSolution
		SolutionGuid = {A233CC60-54BB-488B-A9E3-E43A7C90572B}
	EndGlobalSection
EndGlobal
